FORGE
  remote: http://forge.puppetlabs.com
  specs:
    alup/rbenv (1.2.0)
    andschwa/ghost (0.0.4)
      puppetlabs/apt (>= 1.4.0)
      puppetlabs/stdlib (>= 4.1.0)
    andschwa/minecraft (2.1.5)
      maestrodev/wget (>= 1.1.0)
      puppetlabs/java (>= 0.1.6)
      puppetlabs/stdlib (>= 4.1.0)
    andschwa/mumble (0.0.2)
      puppetlabs/apt (>= 1.4.0)
    arnoudj/sudo (1.1.1)
    attachmentgenie/ssh (1.2.2)
      puppetlabs/stdlib (>= 2.2.1)
    attachmentgenie/ufw (1.4.7)
      puppetlabs/stdlib (>= 2.2.1)
    fsalum/redis (0.0.9)
    jfryman/nginx (0.0.7)
      puppetlabs/apt (>= 1.0.0)
      puppetlabs/concat (>= 1.0.0)
      puppetlabs/stdlib (>= 0.1.6)
    maestrodev/wget (1.3.1)
    plainprogrammer/denyhosts (0.4.0)
    puppetlabs/apt (1.4.0)
      puppetlabs/stdlib (>= 2.2.1)
    puppetlabs/concat (1.1.0-rc1)
      puppetlabs/stdlib (>= 3.0.0)
    puppetlabs/firewall (1.0.0)
    puppetlabs/java (1.0.1)
      puppetlabs/stdlib (>= 0.1.6)
    puppetlabs/ntp (3.0.1)
      puppetlabs/stdlib (>= 0.1.6)
    puppetlabs/stdlib (4.1.0)
    puppetlabs/vcsrepo (0.2.0)

GIT
  remote: git://github.com/andschwa/puppet-dotfiles.git
  ref: master
  sha: e411a1c490ec689b1acab8e05e54940105c4020a
  specs:
    dotfiles (0.0.1)

GIT
  remote: git://github.com/andschwa/puppet-gitlab.git
  ref: development
  sha: 68a30d1bc66a8b09343f3bdcee199c99c6124d04
  specs:
    gitlab (0.1.1)
      alup/rbenv (>= 1.2.0)
      puppetlabs/stdlib (>= 3.1.0)
      puppetlabs/vcsrepo (>= 0.2.0)

GIT
  remote: git://github.com/andschwa/puppet-latex.git
  ref: master
  sha: e535cc867cfccd4e43ea7e856aded39ca2b8f17e
  specs:
    latex (0.0.1)

GIT
  remote: git://github.com/andschwa/puppet-person.git
  ref: master
  sha: 62d2b49e0f9c9db914eb47a7eb82e23af8c02ce5
  specs:
    person (0.0.1)

GIT
  remote: git://github.com/andschwa/puppet-postgresql.git
  ref: client-package-hotfix
  sha: f997447e288cc858f0d5e4a86156a7a46d1d37d4
  specs:
    postgresql (3.3.0)
      puppetlabs/apt (< 2.0.0, >= 1.1.0)
      puppetlabs/concat (< 2.0.0, >= 1.0.0)
      puppetlabs/firewall (>= 0.0.4)
      puppetlabs/stdlib (< 5.0.0, >= 3.2.0)

GIT
  remote: git://github.com/andschwa/puppet-prosody.git
  ref: master
  sha: 6641f07b83790dd5e32e35d5575892c0cf3bb1a7
  specs:
    prosody (0.0.1)

GIT
  remote: git://github.com/andschwa/puppet-redis.git
  ref: master
  sha: 57a6e421589ec2e78a661c3e9a2da7761f6040c3
  specs:
    redis (0.0.9)

GIT
  remote: git://github.com/andschwa/puppet-ubuntu.git
  ref: master
  sha: 8ef4f13bc7aaa1215bd21ce706d3b940b4eeecb0
  specs:
    ubuntu (0.0.1)

DEPENDENCIES
  alup/rbenv (~> 1.2.0)
  andschwa/ghost (~> 0.0.4)
  andschwa/minecraft (~> 2.1.5)
  andschwa/mumble (~> 0.0.2)
  arnoudj/sudo (~> 1.1.1)
  attachmentgenie/ssh (~> 1.2.1)
  attachmentgenie/ufw (~> 1.4.7)
  dotfiles (>= 0)
  fsalum/redis (~> 0.0.9)
  gitlab (>= 0)
  jfryman/nginx (~> 0.0.7)
  latex (>= 0)
  maestrodev/wget (~> 1.3.1)
  person (>= 0)
  plainprogrammer/denyhosts (~> 0.4.0)
  postgresql (>= 0)
  prosody (>= 0)
  puppetlabs/apt (~> 1.4.0)
  puppetlabs/concat (~> 1.1.0)
  puppetlabs/java (~> 1.0.1)
  puppetlabs/ntp (~> 3.0.1)
  puppetlabs/stdlib (~> 4.1.0)
  puppetlabs/vcsrepo (~> 0.2.0)
  redis (>= 0)
  ubuntu (>= 0)

