FORGE
  remote: http://forge.puppetlabs.com
  specs:
    alup/rbenv (1.2.0)
    andschwa/ghost (0.2.0)
      proletaryo/supervisor (~> 0.4.0)
      puppetlabs/nodejs (~> 0.6.1)
      puppetlabs/stdlib (~> 4.1.0)
    andschwa/minecraft (2.1.6)
      maestrodev/wget (>= 1.1.0)
      puppetlabs/java (>= 0.1.6)
      puppetlabs/stdlib (>= 4.1.0)
    andschwa/mumble (0.0.3)
      puppetlabs/apt (>= 1.4.0)
    arnoudj/sudo (1.1.2)
    attachmentgenie/ssh (1.2.2)
      puppetlabs/stdlib (>= 2.2.1)
    attachmentgenie/ufw (1.4.9)
      puppetlabs/stdlib (>= 2.2.1)
    fsalum/redis (0.0.12)
      thias/sysctl (= 0.3.0)
    jasper/procmail (0.1.0)
      puppetlabs/stdlib (>= 1.0.0)
    jfryman/nginx (0.0.9)
      puppetlabs/apt (>= 1.0.0)
      puppetlabs/concat (>= 1.0.0)
      puppetlabs/stdlib (>= 0.1.6)
    maestrodev/wget (1.4.5)
    mjhas/amavis (0.0.2)
    mjhas/dovecot (0.0.8)
    proletaryo/supervisor (0.4.0)
    puppetlabs/apt (1.4.2)
      puppetlabs/stdlib (>= 2.2.1)
    puppetlabs/concat (1.1.0)
      puppetlabs/stdlib (>= 4.0.0)
    puppetlabs/firewall (1.1.3)
    puppetlabs/git (0.0.3)
    puppetlabs/java (1.0.1)
      puppetlabs/stdlib (>= 0.1.6)
    puppetlabs/nodejs (0.6.1)
      puppetlabs/apt (>= 0.0.3)
      puppetlabs/stdlib (>= 2.0.0)
    puppetlabs/ntp (3.0.4)
      puppetlabs/stdlib (>= 0.1.6)
    puppetlabs/stdlib (4.1.0)
    puppetlabs/vcsrepo (0.2.0)
    thias/sysctl (0.3.0)
    thias/vsftpd (0.2.1)

GIT
  remote: git://github.com/andschwa/puppet-gitlab.git
  ref: production
  sha: e3c7b21b585b9fcf747482134a9226b7dac75516
  specs:
    andschwa/gitlab (0.1.5)
      alup/rbenv (>= 1.2.0)
      puppetlabs/git (>= 0.0.3)
      puppetlabs/stdlib (>= 3.1.0)
      puppetlabs/vcsrepo (>= 0.2.0)

GIT
  remote: git://github.com/andschwa/puppet-latex.git
  ref: master
  sha: e535cc867cfccd4e43ea7e856aded39ca2b8f17e
  specs:
    andschwa/latex (0.0.1)

GIT
  remote: git://github.com/andschwa/puppet-papertrail.git
  ref: master
  sha: fdf5b65ff09a02956dcaf9916c2858dd4af067ca
  specs:
    andschwa/papertrail (0.0.1)

GIT
  remote: git://github.com/andschwa/puppet-person.git
  ref: master
  sha: 1f66efa3c33a5df15280b03f9c3f3a62409127e8
  specs:
    andschwa/person (0.0.1)

GIT
  remote: git://github.com/andschwa/puppet-postfix.git
  ref: master
  sha: ed8e4e7a6b861ffd8d8190b85bc07c98ca67ae9c
  specs:
    andschwa/postfix (0.0.5)

GIT
  remote: git://github.com/andschwa/puppet-postgresql.git
  ref: client-package-hotfix
  sha: f997447e288cc858f0d5e4a86156a7a46d1d37d4
  specs:
    andschwa/postgresql (3.3.0)
      puppetlabs/apt (< 2.0.0, >= 1.1.0)
      puppetlabs/concat (< 2.0.0, >= 1.0.0)
      puppetlabs/firewall (>= 0.0.4)
      puppetlabs/stdlib (< 5.0.0, >= 3.2.0)

GIT
  remote: git://github.com/andschwa/puppet-prosody.git
  ref: production
  sha: 3522a8f314f4d46f15746e196c8168c857ad526f
  specs:
    andschwa/prosody (0.1.3)
      puppetlabs/stdlib (>= 3.2.0)

GIT
  remote: git://github.com/andschwa/puppet-redis.git
  ref: master
  sha: 57a6e421589ec2e78a661c3e9a2da7761f6040c3
  specs:
    andschwa/redis (0.0.9)

GIT
  remote: git://github.com/andschwa/puppet-ubuntu.git
  ref: master
  sha: 5ce41d64e412f8f432a4830d3bfa4e79a724aea2
  specs:
    andschwa/ubuntu (0.0.1)

DEPENDENCIES
  alup/rbenv (~> 1.2.0)
  andschwa/ghost (~> 0.2.0)
  andschwa/gitlab (>= 0)
  andschwa/latex (>= 0)
  andschwa/minecraft (~> 2.1.6)
  andschwa/mumble (~> 0.0.3)
  andschwa/papertrail (>= 0)
  andschwa/person (>= 0)
  andschwa/postfix (>= 0)
  andschwa/postgresql (>= 0)
  andschwa/prosody (>= 0)
  andschwa/redis (>= 0)
  andschwa/ubuntu (>= 0)
  arnoudj/sudo (~> 1.1.1)
  attachmentgenie/ssh (~> 1.2.1)
  attachmentgenie/ufw (~> 1.4.9)
  fsalum/redis (~> 0.0.9)
  jasper/procmail (~> 0.1.0)
  jfryman/nginx (~> 0.0.7)
  mjhas/amavis (~> 0.0.2)
  mjhas/dovecot (~> 0.0.8)
  puppetlabs/apt (~> 1.4.0)
  puppetlabs/concat (~> 1.1.0)
  puppetlabs/git (~> 0.0.3)
  puppetlabs/java (~> 1.0.1)
  puppetlabs/ntp (~> 3.0.1)
  puppetlabs/stdlib (~> 4.1.0)
  puppetlabs/vcsrepo (~> 0.2.0)
  thias/vsftpd (~> 0.2.0)

