FORGE
  remote: http://forge.puppetlabs.com
  specs:
    alup/rbenv (1.2.0)
    andschwa/ghost (0.1.3)
      maestrodev/wget (>= 1.1.0)
      puppetlabs/apt (>= 1.4.0)
      puppetlabs/stdlib (>= 4.1.0)
    andschwa/minecraft (2.1.6)
      maestrodev/wget (>= 1.1.0)
      puppetlabs/java (>= 0.1.6)
      puppetlabs/stdlib (>= 4.1.0)
    andschwa/mumble (0.0.3)
      puppetlabs/apt (>= 1.4.0)
    arnoudj/sudo (1.1.2)
    attachmentgenie/ssh (1.2.2)
      puppetlabs/stdlib (>= 2.2.1)
    fsalum/redis (0.0.12)
      thias/sysctl (= 0.3.0)
    jfryman/nginx (0.0.9)
      puppetlabs/apt (>= 1.0.0)
      puppetlabs/concat (>= 1.0.0)
      puppetlabs/stdlib (>= 0.1.6)
    maestrodev/wget (1.3.2)
    mjhas/amavis (0.0.2)
    puppetlabs/apt (1.4.2)
      puppetlabs/stdlib (>= 2.2.1)
    puppetlabs/concat (1.1.0-rc1)
      puppetlabs/stdlib (>= 3.0.0)
    puppetlabs/firewall (1.0.2)
    puppetlabs/java (1.0.1)
      puppetlabs/stdlib (>= 0.1.6)
    puppetlabs/ntp (3.0.3)
      puppetlabs/stdlib (>= 0.1.6)
    puppetlabs/stdlib (4.1.0)
    puppetlabs/vcsrepo (0.2.0)
    thias/sysctl (0.3.0)
    thias/vsftpd (0.2.1)

GIT
  remote: git://github.com/andschwa/puppet-dovecot.git
  ref: development
  sha: f94d70bf10689cf05d934d745887bb29c24816fc
  specs:
    andschwa/dovecot (0.0.6)

GIT
  remote: git://github.com/andschwa/puppet-gitlab.git
  ref: development
  sha: e38b22aa95269168df25f71763ce2ba212a33833
  specs:
    andschwa/gitlab (0.1.3)
      alup/rbenv (>= 1.2.0)
      puppetlabs/stdlib (>= 3.1.0)
      puppetlabs/vcsrepo (>= 0.2.0)

GIT
  remote: git://github.com/andschwa/puppet-latex.git
  ref: master
  sha: e535cc867cfccd4e43ea7e856aded39ca2b8f17e
  specs:
    andschwa/latex (0.0.1)

GIT
  remote: git://github.com/andschwa/puppet-papertrail.git
  ref: master
  sha: 73aab67ee6abd6ca9cd8b98d2ab70e893fa034c7
  specs:
    andschwa/papertrail (0.0.1)

GIT
  remote: git://github.com/andschwa/puppet-person.git
  ref: master
  sha: 1f66efa3c33a5df15280b03f9c3f3a62409127e8
  specs:
    andschwa/person (0.0.1)

GIT
  remote: git://github.com/andschwa/puppet-postfix.git
  ref: master
  sha: f456aeb47045ba28628d77ba3612cb8c3d89134b
  specs:
    andschwa/postfix (0.0.5)

GIT
  remote: git://github.com/andschwa/puppet-postgresql.git
  ref: client-package-hotfix
  sha: f997447e288cc858f0d5e4a86156a7a46d1d37d4
  specs:
    andschwa/postgresql (3.3.0)
      puppetlabs/apt (< 2.0.0, >= 1.1.0)
      puppetlabs/concat (< 2.0.0, >= 1.0.0)
      puppetlabs/firewall (>= 0.0.4)
      puppetlabs/stdlib (< 5.0.0, >= 3.2.0)

GIT
  remote: git://github.com/andschwa/puppet-prosody.git
  ref: development
  sha: b4e2037838f05deba9545df9fdbeb794274b4108
  specs:
    andschwa/prosody (0.1.3)
      puppetlabs/stdlib (>= 3.2.0)

GIT
  remote: git://github.com/andschwa/puppet-redis.git
  ref: master
  sha: 57a6e421589ec2e78a661c3e9a2da7761f6040c3
  specs:
    andschwa/redis (0.0.9)

GIT
  remote: git://github.com/andschwa/puppet-ubuntu.git
  ref: master
  sha: ee9dfc4638b41988b82f11647888816d9ada5b55
  specs:
    andschwa/ubuntu (0.0.1)

GIT
  remote: git://github.com/andschwa/puppet-ufw.git
  ref: development
  sha: 19c9333c5c14674ccbe7bfc650b859670519cbf6
  specs:
    andschwa/ufw (1.4.8)
      puppetlabs/stdlib (>= 2.2.1)

DEPENDENCIES
  alup/rbenv (~> 1.2.0)
  andschwa/dovecot (>= 0)
  andschwa/ghost (~> 0.1.3)
  andschwa/gitlab (>= 0)
  andschwa/latex (>= 0)
  andschwa/minecraft (~> 2.1.6)
  andschwa/mumble (~> 0.0.3)
  andschwa/papertrail (>= 0)
  andschwa/person (>= 0)
  andschwa/postfix (>= 0)
  andschwa/postgresql (>= 0)
  andschwa/prosody (>= 0)
  andschwa/redis (>= 0)
  andschwa/ubuntu (>= 0)
  andschwa/ufw (>= 0)
  arnoudj/sudo (~> 1.1.1)
  attachmentgenie/ssh (~> 1.2.1)
  fsalum/redis (~> 0.0.9)
  jfryman/nginx (~> 0.0.7)
  maestrodev/wget (~> 1.3.1)
  mjhas/amavis (~> 0.0.2)
  puppetlabs/apt (~> 1.4.0)
  puppetlabs/concat (~> 1.1.0)
  puppetlabs/java (~> 1.0.1)
  puppetlabs/ntp (~> 3.0.1)
  puppetlabs/stdlib (~> 4.1.0)
  puppetlabs/vcsrepo (~> 0.2.0)
  thias/vsftpd (~> 0.2.0)

